
Microsoft Visual Studio Solution File, Format Version 12.00
Project("{2150E333-8FDC-42A3-9474-1A3956D46DE8}") = "Code", "Code", "{429DE7D0-B952-4DFA-82F3-845FC3163251}"
EndProject
Project("{2150E333-8FDC-42A3-9474-1A3956D46DE8}") = "Client", "Client", "{9247CD35-02FA-4338-A952-01E2E78D84BB}"
EndProject
Project("{2150E333-8FDC-42A3-9474-1A3956D46DE8}") = "Data", "Data", "{1158E352-6E4A-47FA-A351-F2C60E5449F4}"
EndProject
Project("{2150E333-8FDC-42A3-9474-1A3956D46DE8}") = "Server", "Server", "{8FE8C19E-4636-44C7-BC3A-4C8909EAFB80}"
EndProject
Project("{2150E333-8FDC-42A3-9474-1A3956D46DE8}") = "Shared", "Shared", "{5F300970-9D00-4366-97F9-84A1FE9391BD}"
EndProject
Project("{2150E333-8FDC-42A3-9474-1A3956D46DE8}") = "Tests", "Tests", "{04B6E341-0557-42ED-9BF0-1ABDC8D244EF}"
EndProject
Project("{2150E333-8FDC-42A3-9474-1A3956D46DE8}") = "Tests", "Tests", "{514C2D8C-4C7E-425F-B659-962490F2CF90}"
EndProject
Project("{2150E333-8FDC-42A3-9474-1A3956D46DE8}") = "Tests", "Tests", "{46540788-65C5-4D90-B9ED-EC098FDC228B}"
EndProject
Project("{2150E333-8FDC-42A3-9474-1A3956D46DE8}") = "Tests", "Tests", "{98460292-9359-4FEF-B761-7CC271137D37}"
EndProject
Project("{FAE04EC0-301F-11D3-BF4B-00C04F79EFBC}") = "Client.UnitTests", "Code\Client\Tests\Client.UnitTests\Client.UnitTests.csproj", "{D5A97DA1-A6D9-4E21-8C93-A61A568FDA84}"
EndProject
Project("{FAE04EC0-301F-11D3-BF4B-00C04F79EFBC}") = "Src.Data.ClassLib", "Code\Data\Src.Data.ClassLib\Src.Data.ClassLib.csproj", "{CFC6EF43-6887-44FF-9BBF-5B2528F144D9}"
EndProject
Project("{FAE04EC0-301F-11D3-BF4B-00C04F79EFBC}") = "Src.Client.BlazorWasm", "Code\Client\Src.Client.BlazorWasm\Src.Client.BlazorWasm.csproj", "{E7CCA0F5-5031-456D-8C4C-5B95CBDC3A35}"
EndProject
Project("{FAE04EC0-301F-11D3-BF4B-00C04F79EFBC}") = "Data.UnitTests", "Code\Data\Tests\Data.UnitTests\Data.UnitTests.csproj", "{CF7C9ED7-4A3C-4B17-AAA3-4F121887A3A9}"
EndProject
Project("{FAE04EC0-301F-11D3-BF4B-00C04F79EFBC}") = "Src.Server.Web", "Code\Server\Src.Server.Web\Src.Server.Web.csproj", "{034E969F-EDAB-42FE-98EC-11F65B791C3B}"
EndProject
Project("{FAE04EC0-301F-11D3-BF4B-00C04F79EFBC}") = "Server.UnitTests", "Code\Server\Tests\Server.UnitTests\Server.UnitTests.csproj", "{04EB6640-B921-4F59-A4DF-AC13F3BE29D5}"
EndProject
Project("{FAE04EC0-301F-11D3-BF4B-00C04F79EFBC}") = "Src.Shared.ClassLib", "Code\Shared\Src.Shared.ClassLib\Src.Shared.ClassLib.csproj", "{DDFB8A58-011B-44A8-A8C7-4FF862876BEC}"
EndProject
Project("{FAE04EC0-301F-11D3-BF4B-00C04F79EFBC}") = "Shared.UnitTests", "Code\Shared\Tests\Shared.UnitTests\Shared.UnitTests.csproj", "{7FAEB535-97C9-44B1-9B1B-9093B43153DE}"
EndProject
Project("{FAE04EC0-301F-11D3-BF4B-00C04F79EFBC}") = "YaMonads", "..\..\..\..\Lib\CSharp\YaMonads\YaMonads\YaMonads.csproj", "{CF364A02-E726-4C44-A6A6-82B43A4FAA40}"
EndProject
Global
	GlobalSection(SolutionConfigurationPlatforms) = preSolution
		Debug|Any CPU = Debug|Any CPU
		Release|Any CPU = Release|Any CPU
	EndGlobalSection
	GlobalSection(NestedProjects) = preSolution
		{9247CD35-02FA-4338-A952-01E2E78D84BB} = {429DE7D0-B952-4DFA-82F3-845FC3163251}
		{1158E352-6E4A-47FA-A351-F2C60E5449F4} = {429DE7D0-B952-4DFA-82F3-845FC3163251}
		{8FE8C19E-4636-44C7-BC3A-4C8909EAFB80} = {429DE7D0-B952-4DFA-82F3-845FC3163251}
		{5F300970-9D00-4366-97F9-84A1FE9391BD} = {429DE7D0-B952-4DFA-82F3-845FC3163251}
		{04B6E341-0557-42ED-9BF0-1ABDC8D244EF} = {9247CD35-02FA-4338-A952-01E2E78D84BB}
		{514C2D8C-4C7E-425F-B659-962490F2CF90} = {1158E352-6E4A-47FA-A351-F2C60E5449F4}
		{46540788-65C5-4D90-B9ED-EC098FDC228B} = {8FE8C19E-4636-44C7-BC3A-4C8909EAFB80}
		{98460292-9359-4FEF-B761-7CC271137D37} = {5F300970-9D00-4366-97F9-84A1FE9391BD}
		{D5A97DA1-A6D9-4E21-8C93-A61A568FDA84} = {04B6E341-0557-42ED-9BF0-1ABDC8D244EF}
		{CFC6EF43-6887-44FF-9BBF-5B2528F144D9} = {1158E352-6E4A-47FA-A351-F2C60E5449F4}
		{E7CCA0F5-5031-456D-8C4C-5B95CBDC3A35} = {9247CD35-02FA-4338-A952-01E2E78D84BB}
		{CF7C9ED7-4A3C-4B17-AAA3-4F121887A3A9} = {514C2D8C-4C7E-425F-B659-962490F2CF90}
		{034E969F-EDAB-42FE-98EC-11F65B791C3B} = {8FE8C19E-4636-44C7-BC3A-4C8909EAFB80}
		{04EB6640-B921-4F59-A4DF-AC13F3BE29D5} = {46540788-65C5-4D90-B9ED-EC098FDC228B}
		{DDFB8A58-011B-44A8-A8C7-4FF862876BEC} = {5F300970-9D00-4366-97F9-84A1FE9391BD}
		{7FAEB535-97C9-44B1-9B1B-9093B43153DE} = {98460292-9359-4FEF-B761-7CC271137D37}
	EndGlobalSection
	GlobalSection(ProjectConfigurationPlatforms) = postSolution
		{D5A97DA1-A6D9-4E21-8C93-A61A568FDA84}.Debug|Any CPU.ActiveCfg = Debug|Any CPU
		{D5A97DA1-A6D9-4E21-8C93-A61A568FDA84}.Debug|Any CPU.Build.0 = Debug|Any CPU
		{D5A97DA1-A6D9-4E21-8C93-A61A568FDA84}.Release|Any CPU.ActiveCfg = Release|Any CPU
		{D5A97DA1-A6D9-4E21-8C93-A61A568FDA84}.Release|Any CPU.Build.0 = Release|Any CPU
		{CFC6EF43-6887-44FF-9BBF-5B2528F144D9}.Debug|Any CPU.ActiveCfg = Debug|Any CPU
		{CFC6EF43-6887-44FF-9BBF-5B2528F144D9}.Debug|Any CPU.Build.0 = Debug|Any CPU
		{CFC6EF43-6887-44FF-9BBF-5B2528F144D9}.Release|Any CPU.ActiveCfg = Release|Any CPU
		{CFC6EF43-6887-44FF-9BBF-5B2528F144D9}.Release|Any CPU.Build.0 = Release|Any CPU
		{E7CCA0F5-5031-456D-8C4C-5B95CBDC3A35}.Debug|Any CPU.ActiveCfg = Debug|Any CPU
		{E7CCA0F5-5031-456D-8C4C-5B95CBDC3A35}.Debug|Any CPU.Build.0 = Debug|Any CPU
		{E7CCA0F5-5031-456D-8C4C-5B95CBDC3A35}.Release|Any CPU.ActiveCfg = Release|Any CPU
		{E7CCA0F5-5031-456D-8C4C-5B95CBDC3A35}.Release|Any CPU.Build.0 = Release|Any CPU
		{CF7C9ED7-4A3C-4B17-AAA3-4F121887A3A9}.Debug|Any CPU.ActiveCfg = Debug|Any CPU
		{CF7C9ED7-4A3C-4B17-AAA3-4F121887A3A9}.Debug|Any CPU.Build.0 = Debug|Any CPU
		{CF7C9ED7-4A3C-4B17-AAA3-4F121887A3A9}.Release|Any CPU.ActiveCfg = Release|Any CPU
		{CF7C9ED7-4A3C-4B17-AAA3-4F121887A3A9}.Release|Any CPU.Build.0 = Release|Any CPU
		{034E969F-EDAB-42FE-98EC-11F65B791C3B}.Debug|Any CPU.ActiveCfg = Debug|Any CPU
		{034E969F-EDAB-42FE-98EC-11F65B791C3B}.Debug|Any CPU.Build.0 = Debug|Any CPU
		{034E969F-EDAB-42FE-98EC-11F65B791C3B}.Release|Any CPU.ActiveCfg = Release|Any CPU
		{034E969F-EDAB-42FE-98EC-11F65B791C3B}.Release|Any CPU.Build.0 = Release|Any CPU
		{04EB6640-B921-4F59-A4DF-AC13F3BE29D5}.Debug|Any CPU.ActiveCfg = Debug|Any CPU
		{04EB6640-B921-4F59-A4DF-AC13F3BE29D5}.Debug|Any CPU.Build.0 = Debug|Any CPU
		{04EB6640-B921-4F59-A4DF-AC13F3BE29D5}.Release|Any CPU.ActiveCfg = Release|Any CPU
		{04EB6640-B921-4F59-A4DF-AC13F3BE29D5}.Release|Any CPU.Build.0 = Release|Any CPU
		{DDFB8A58-011B-44A8-A8C7-4FF862876BEC}.Debug|Any CPU.ActiveCfg = Debug|Any CPU
		{DDFB8A58-011B-44A8-A8C7-4FF862876BEC}.Debug|Any CPU.Build.0 = Debug|Any CPU
		{DDFB8A58-011B-44A8-A8C7-4FF862876BEC}.Release|Any CPU.ActiveCfg = Release|Any CPU
		{DDFB8A58-011B-44A8-A8C7-4FF862876BEC}.Release|Any CPU.Build.0 = Release|Any CPU
		{7FAEB535-97C9-44B1-9B1B-9093B43153DE}.Debug|Any CPU.ActiveCfg = Debug|Any CPU
		{7FAEB535-97C9-44B1-9B1B-9093B43153DE}.Debug|Any CPU.Build.0 = Debug|Any CPU
		{7FAEB535-97C9-44B1-9B1B-9093B43153DE}.Release|Any CPU.ActiveCfg = Release|Any CPU
		{7FAEB535-97C9-44B1-9B1B-9093B43153DE}.Release|Any CPU.Build.0 = Release|Any CPU
		{CF364A02-E726-4C44-A6A6-82B43A4FAA40}.Debug|Any CPU.ActiveCfg = Debug|Any CPU
		{CF364A02-E726-4C44-A6A6-82B43A4FAA40}.Debug|Any CPU.Build.0 = Debug|Any CPU
		{CF364A02-E726-4C44-A6A6-82B43A4FAA40}.Release|Any CPU.ActiveCfg = Release|Any CPU
		{CF364A02-E726-4C44-A6A6-82B43A4FAA40}.Release|Any CPU.Build.0 = Release|Any CPU
	EndGlobalSection
EndGlobal
